
  "name": "react-web3",
  "version": "1.2.0",
  "lockfileVersion": 1,
"requires": true,
 "dependencies": {
    "@types/node": {
      "version": "6.0.85",
      "resolved": "https://registry.npmjs.org/@types/node/-/node-6.0.85.tgz",
      "integrity": "sha512-6qLZpfQFO/g5Ns2e7RsW6brk0Q6Xzwiw7kVVU/XiQNOiJXSojhX76GP457PBYIsNMH2WfcGgcnZB4awFDHrwpA==",
      "dev": true
    },
    "abab": {
      "version": "1.0.3",
      "resolved": "https://registry.npmjs.org/abab/-/abab-1.0.3.tgz",
      "integrity": "sha1-uB3l9ydOxOdW15fNg08wNkJyTl0=",
      "dev": true
    },
    "acorn": {
      "version": "5.1.1",
      "resolved": "https://registry.npmjs.org/acorn/-/acorn-5.1.1.tgz",
      "integrity": "sha512-vOk6uEMctu0vQrvuSqFdJyqj1Q0S5VTDL79qtjo+DhRr+1mmaD+tluFSCZqhvi/JUhXSzoZN2BhtstaPEeE8cw==",
      "dev": true
    },
    "acorn-dynamic-import": {
      "version": "2.0.2",
